
Microsoft Visual Studio Solution File, Format Version 12.00
# Visual Studio Version 17
VisualStudioVersion = 17.2.32526.322
MinimumVisualStudioVersion = 10.0.40219.1
Project("{2150E333-8FDC-42A3-9474-1A3956D46DE8}") = "Modules", "Modules", "{05136FEF-5F4A-4E48-9316-546CCB1BD341}"
EndProject
Project("{2150E333-8FDC-42A3-9474-1A3956D46DE8}") = "Solution Items", "Solution Items", "{3714DE6E-51A7-4065-A82A-A4C79473FC37}"
	ProjectSection(SolutionItems) = preProject
		.editorconfig = .editorconfig
		.gitignore = .gitignore
		README.md = README.md
	EndProjectSection
EndProject
Project("{2150E333-8FDC-42A3-9474-1A3956D46DE8}") = "Tests", "Tests", "{E7FE8821-8975-4271-A67E-309B9F7D7B85}"
EndProject
Project("{9A19103F-16F7-4668-BE54-9A1E7A4F7556}") = "WebUI", "src\WebUI\WebUI.csproj", "{1337C7A3-A074-437D-8AC3-2F0C755E552D}"
EndProject
Project("{9A19103F-16F7-4668-BE54-9A1E7A4F7556}") = "Shared.Domain.UnitTests", "tests\SharedKernel.UnitTests\Shared.Domain.UnitTests.csproj", "{5DBB69C6-16A3-4D0F-A2E6-D3D73C2C1C8F}"
EndProject
Project("{2150E333-8FDC-42A3-9474-1A3956D46DE8}") = "Shared", "Shared", "{A91BFB43-16E2-4031-9A34-25FBAA4FA59E}"
EndProject
Project("{2150E333-8FDC-42A3-9474-1A3956D46DE8}") = "Catalog", "Catalog", "{2613E11C-9FDD-4032-AF04-0A1C29C4F061}"
EndProject
Project("{9A19103F-16F7-4668-BE54-9A1E7A4F7556}") = "Catalog.Infrastructure", "src\Modules\Catalog\Infrastructure\Catalog.Infrastructure.csproj", "{4A1122D6-78E0-407B-B595-85E461AD06EA}"
EndProject
Project("{9A19103F-16F7-4668-BE54-9A1E7A4F7556}") = "Catalog.Application", "src\Modules\Catalog\Application\Catalog.Application.csproj", "{41E1C679-9253-41B9-A99B-7918D40F8ED1}"
EndProject
Project("{9A19103F-16F7-4668-BE54-9A1E7A4F7556}") = "Catalog.IntegrationEvents", "src\Modules\Catalog\IntegrationEvents\Catalog.IntegrationEvents.csproj", "{11AA6F81-AB1E-4779-A2E2-50DA486E51DC}"
EndProject
Project("{9A19103F-16F7-4668-BE54-9A1E7A4F7556}") = "Catalog.Domain", "src\Modules\Catalog\Domain\Catalog.Domain.csproj", "{A6F8D7C8-7D81-45E5-98AC-907FBC20A299}"
EndProject
Project("{9A19103F-16F7-4668-BE54-9A1E7A4F7556}") = "Shared.Domain", "src\Shared\Domain\Shared.Domain.csproj", "{1D00387C-452E-41F3-92FB-784970CC18E5}"
EndProject
Project("{9A19103F-16F7-4668-BE54-9A1E7A4F7556}") = "Shared.Application", "src\Shared\Application\Shared.Application.csproj", "{0D359EE4-C429-4F58-9B67-E68628A8261E}"
EndProject
Project("{9A19103F-16F7-4668-BE54-9A1E7A4F7556}") = "Shared.Infrastructure", "src\Shared\Infrastructure\Shared.Infrastructure.csproj", "{60C52FF5-F763-41EA-BE6F-D5C30089E40C}"
EndProject
Project("{2150E333-8FDC-42A3-9474-1A3956D46DE8}") = "Identity", "Identity", "{F58437CE-DE71-447D-9BD4-04931B0BD19A}"
EndProject
Project("{FAE04EC0-301F-11D3-BF4B-00C04F79EFBC}") = "Identity.Infrastructure", "src\Modules\Identity\Identity.Infrastructure\Identity.Infrastructure.csproj", "{80471BD2-8B5E-4ED2-B5D8-FC32B2D4BD2B}"
EndProject
Project("{FAE04EC0-301F-11D3-BF4B-00C04F79EFBC}") = "Identity.Application", "src\Modules\Identity\Identity.Application\Identity.Application.csproj", "{86EFC22C-DACA-4CCD-AA00-1D5D35305C92}"
EndProject
Project("{FAE04EC0-301F-11D3-BF4B-00C04F79EFBC}") = "Identity.Domain", "src\Modules\Identity\Identity.Domain\Identity.Domain.csproj", "{8FDA973D-A9D0-4C43-BC48-B46F70BC1001}"
EndProject
Project("{2150E333-8FDC-42A3-9474-1A3956D46DE8}") = "Sales", "Sales", "{43493BD3-2CAF-4F63-BDB4-6B6136A47DE4}"
EndProject
Project("{2150E333-8FDC-42A3-9474-1A3956D46DE8}") = "Inventory", "Inventory", "{3A900E30-333D-4539-9673-C7A8B8E4A9BA}"
EndProject
Project("{9A19103F-16F7-4668-BE54-9A1E7A4F7556}") = "Inventory.Domain", "src\Modules\Inventory\Domain\Inventory.Domain.csproj", "{C47B46CA-EEDE-489F-8B6D-54AA8A17B470}"
EndProject
Project("{9A19103F-16F7-4668-BE54-9A1E7A4F7556}") = "Inventory.Infrastructure", "src\Modules\Inventory\Infrastructure\Inventory.Infrastructure.csproj", "{643C4237-9C90-439D-9517-63C5A95CF4EF}"
EndProject
Project("{9A19103F-16F7-4668-BE54-9A1E7A4F7556}") = "Inventory.IntegrationEvents", "src\Modules\Inventory\IntegrationEvents\Inventory.IntegrationEvents.csproj", "{935111A9-BF54-44ED-B7F6-34C33BB96DD6}"
EndProject
Project("{9A19103F-16F7-4668-BE54-9A1E7A4F7556}") = "Sales.Domain", "src\Modules\Sales\Domain\Sales.Domain.csproj", "{2575E522-548A-43A6-B8CB-F47B62A8C1AC}"
EndProject
Project("{9A19103F-16F7-4668-BE54-9A1E7A4F7556}") = "Sales.Infrastructure", "src\Modules\Sales\Infrastructure\Sales.Infrastructure.csproj", "{15E40460-5EBB-4738-8F2C-164B085667D7}"
EndProject
Project("{9A19103F-16F7-4668-BE54-9A1E7A4F7556}") = "Sales.IntegrationEvents", "src\Modules\Sales\IntegrationEvents\Sales.IntegrationEvents.csproj", "{57069FF6-869F-411F-99FA-3B2B9AD7F3F7}"
EndProject
Project("{9A19103F-16F7-4668-BE54-9A1E7A4F7556}") = "Sales.Application", "src\Modules\Sales\Application\Sales.Application.csproj", "{2F1A7838-0651-4509-9F96-33F3C4F8609B}"
EndProject
Project("{9A19103F-16F7-4668-BE54-9A1E7A4F7556}") = "Inventory.Application", "src\Modules\Inventory\Application\Inventory.Application.csproj", "{10AF4EB5-B867-4F57-93BE-725C74F35CDB}"
EndProject
Global
	GlobalSection(SolutionConfigurationPlatforms) = preSolution
		Debug|Any CPU = Debug|Any CPU
		Release|Any CPU = Release|Any CPU
	EndGlobalSection
	GlobalSection(ProjectConfigurationPlatforms) = postSolution
		{1337C7A3-A074-437D-8AC3-2F0C755E552D}.Debug|Any CPU.ActiveCfg = Debug|Any CPU
		{1337C7A3-A074-437D-8AC3-2F0C755E552D}.Debug|Any CPU.Build.0 = Debug|Any CPU
		{1337C7A3-A074-437D-8AC3-2F0C755E552D}.Release|Any CPU.ActiveCfg = Release|Any CPU
		{1337C7A3-A074-437D-8AC3-2F0C755E552D}.Release|Any CPU.Build.0 = Release|Any CPU
		{5DBB69C6-16A3-4D0F-A2E6-D3D73C2C1C8F}.Debug|Any CPU.ActiveCfg = Debug|Any CPU
		{5DBB69C6-16A3-4D0F-A2E6-D3D73C2C1C8F}.Debug|Any CPU.Build.0 = Debug|Any CPU
		{5DBB69C6-16A3-4D0F-A2E6-D3D73C2C1C8F}.Release|Any CPU.ActiveCfg = Release|Any CPU
		{5DBB69C6-16A3-4D0F-A2E6-D3D73C2C1C8F}.Release|Any CPU.Build.0 = Release|Any CPU
		{4A1122D6-78E0-407B-B595-85E461AD06EA}.Debug|Any CPU.ActiveCfg = Debug|Any CPU
		{4A1122D6-78E0-407B-B595-85E461AD06EA}.Debug|Any CPU.Build.0 = Debug|Any CPU
		{4A1122D6-78E0-407B-B595-85E461AD06EA}.Release|Any CPU.ActiveCfg = Release|Any CPU
		{4A1122D6-78E0-407B-B595-85E461AD06EA}.Release|Any CPU.Build.0 = Release|Any CPU
		{41E1C679-9253-41B9-A99B-7918D40F8ED1}.Debug|Any CPU.ActiveCfg = Debug|Any CPU
		{41E1C679-9253-41B9-A99B-7918D40F8ED1}.Debug|Any CPU.Build.0 = Debug|Any CPU
		{41E1C679-9253-41B9-A99B-7918D40F8ED1}.Release|Any CPU.ActiveCfg = Release|Any CPU
		{41E1C679-9253-41B9-A99B-7918D40F8ED1}.Release|Any CPU.Build.0 = Release|Any CPU
		{11AA6F81-AB1E-4779-A2E2-50DA486E51DC}.Debug|Any CPU.ActiveCfg = Debug|Any CPU
		{11AA6F81-AB1E-4779-A2E2-50DA486E51DC}.Debug|Any CPU.Build.0 = Debug|Any CPU
		{11AA6F81-AB1E-4779-A2E2-50DA486E51DC}.Release|Any CPU.ActiveCfg = Release|Any CPU
		{11AA6F81-AB1E-4779-A2E2-50DA486E51DC}.Release|Any CPU.Build.0 = Release|Any CPU
		{A6F8D7C8-7D81-45E5-98AC-907FBC20A299}.Debug|Any CPU.ActiveCfg = Debug|Any CPU
		{A6F8D7C8-7D81-45E5-98AC-907FBC20A299}.Debug|Any CPU.Build.0 = Debug|Any CPU
		{A6F8D7C8-7D81-45E5-98AC-907FBC20A299}.Release|Any CPU.ActiveCfg = Release|Any CPU
		{A6F8D7C8-7D81-45E5-98AC-907FBC20A299}.Release|Any CPU.Build.0 = Release|Any CPU
		{1D00387C-452E-41F3-92FB-784970CC18E5}.Debug|Any CPU.ActiveCfg = Debug|Any CPU
		{1D00387C-452E-41F3-92FB-784970CC18E5}.Debug|Any CPU.Build.0 = Debug|Any CPU
		{1D00387C-452E-41F3-92FB-784970CC18E5}.Release|Any CPU.ActiveCfg = Release|Any CPU
		{1D00387C-452E-41F3-92FB-784970CC18E5}.Release|Any CPU.Build.0 = Release|Any CPU
		{0D359EE4-C429-4F58-9B67-E68628A8261E}.Debug|Any CPU.ActiveCfg = Debug|Any CPU
		{0D359EE4-C429-4F58-9B67-E68628A8261E}.Debug|Any CPU.Build.0 = Debug|Any CPU
		{0D359EE4-C429-4F58-9B67-E68628A8261E}.Release|Any CPU.ActiveCfg = Release|Any CPU
		{0D359EE4-C429-4F58-9B67-E68628A8261E}.Release|Any CPU.Build.0 = Release|Any CPU
		{60C52FF5-F763-41EA-BE6F-D5C30089E40C}.Debug|Any CPU.ActiveCfg = Debug|Any CPU
		{60C52FF5-F763-41EA-BE6F-D5C30089E40C}.Debug|Any CPU.Build.0 = Debug|Any CPU
		{60C52FF5-F763-41EA-BE6F-D5C30089E40C}.Release|Any CPU.ActiveCfg = Release|Any CPU
		{60C52FF5-F763-41EA-BE6F-D5C30089E40C}.Release|Any CPU.Build.0 = Release|Any CPU
		{80471BD2-8B5E-4ED2-B5D8-FC32B2D4BD2B}.Debug|Any CPU.ActiveCfg = Debug|Any CPU
		{80471BD2-8B5E-4ED2-B5D8-FC32B2D4BD2B}.Debug|Any CPU.Build.0 = Debug|Any CPU
		{80471BD2-8B5E-4ED2-B5D8-FC32B2D4BD2B}.Release|Any CPU.ActiveCfg = Release|Any CPU
		{80471BD2-8B5E-4ED2-B5D8-FC32B2D4BD2B}.Release|Any CPU.Build.0 = Release|Any CPU
		{86EFC22C-DACA-4CCD-AA00-1D5D35305C92}.Debug|Any CPU.ActiveCfg = Debug|Any CPU
		{86EFC22C-DACA-4CCD-AA00-1D5D35305C92}.Debug|Any CPU.Build.0 = Debug|Any CPU
		{86EFC22C-DACA-4CCD-AA00-1D5D35305C92}.Release|Any CPU.ActiveCfg = Release|Any CPU
		{86EFC22C-DACA-4CCD-AA00-1D5D35305C92}.Release|Any CPU.Build.0 = Release|Any CPU
		{8FDA973D-A9D0-4C43-BC48-B46F70BC1001}.Debug|Any CPU.ActiveCfg = Debug|Any CPU
		{8FDA973D-A9D0-4C43-BC48-B46F70BC1001}.Debug|Any CPU.Build.0 = Debug|Any CPU
		{8FDA973D-A9D0-4C43-BC48-B46F70BC1001}.Release|Any CPU.ActiveCfg = Release|Any CPU
		{8FDA973D-A9D0-4C43-BC48-B46F70BC1001}.Release|Any CPU.Build.0 = Release|Any CPU
		{C47B46CA-EEDE-489F-8B6D-54AA8A17B470}.Debug|Any CPU.ActiveCfg = Debug|Any CPU
		{C47B46CA-EEDE-489F-8B6D-54AA8A17B470}.Debug|Any CPU.Build.0 = Debug|Any CPU
		{C47B46CA-EEDE-489F-8B6D-54AA8A17B470}.Release|Any CPU.ActiveCfg = Release|Any CPU
		{C47B46CA-EEDE-489F-8B6D-54AA8A17B470}.Release|Any CPU.Build.0 = Release|Any CPU
		{643C4237-9C90-439D-9517-63C5A95CF4EF}.Debug|Any CPU.ActiveCfg = Debug|Any CPU
		{643C4237-9C90-439D-9517-63C5A95CF4EF}.Debug|Any CPU.Build.0 = Debug|Any CPU
		{643C4237-9C90-439D-9517-63C5A95CF4EF}.Release|Any CPU.ActiveCfg = Release|Any CPU
		{643C4237-9C90-439D-9517-63C5A95CF4EF}.Release|Any CPU.Build.0 = Release|Any CPU
		{935111A9-BF54-44ED-B7F6-34C33BB96DD6}.Debug|Any CPU.ActiveCfg = Debug|Any CPU
		{935111A9-BF54-44ED-B7F6-34C33BB96DD6}.Debug|Any CPU.Build.0 = Debug|Any CPU
		{935111A9-BF54-44ED-B7F6-34C33BB96DD6}.Release|Any CPU.ActiveCfg = Release|Any CPU
		{935111A9-BF54-44ED-B7F6-34C33BB96DD6}.Release|Any CPU.Build.0 = Release|Any CPU
		{2575E522-548A-43A6-B8CB-F47B62A8C1AC}.Debug|Any CPU.ActiveCfg = Debug|Any CPU
		{2575E522-548A-43A6-B8CB-F47B62A8C1AC}.Debug|Any CPU.Build.0 = Debug|Any CPU
		{2575E522-548A-43A6-B8CB-F47B62A8C1AC}.Release|Any CPU.ActiveCfg = Release|Any CPU
		{2575E522-548A-43A6-B8CB-F47B62A8C1AC}.Release|Any CPU.Build.0 = Release|Any CPU
		{15E40460-5EBB-4738-8F2C-164B085667D7}.Debug|Any CPU.ActiveCfg = Debug|Any CPU
		{15E40460-5EBB-4738-8F2C-164B085667D7}.Debug|Any CPU.Build.0 = Debug|Any CPU
		{15E40460-5EBB-4738-8F2C-164B085667D7}.Release|Any CPU.ActiveCfg = Release|Any CPU
		{15E40460-5EBB-4738-8F2C-164B085667D7}.Release|Any CPU.Build.0 = Release|Any CPU
		{57069FF6-869F-411F-99FA-3B2B9AD7F3F7}.Debug|Any CPU.ActiveCfg = Debug|Any CPU
		{57069FF6-869F-411F-99FA-3B2B9AD7F3F7}.Debug|Any CPU.Build.0 = Debug|Any CPU
		{57069FF6-869F-411F-99FA-3B2B9AD7F3F7}.Release|Any CPU.ActiveCfg = Release|Any CPU
		{57069FF6-869F-411F-99FA-3B2B9AD7F3F7}.Release|Any CPU.Build.0 = Release|Any CPU
		{2F1A7838-0651-4509-9F96-33F3C4F8609B}.Debug|Any CPU.ActiveCfg = Debug|Any CPU
		{2F1A7838-0651-4509-9F96-33F3C4F8609B}.Debug|Any CPU.Build.0 = Debug|Any CPU
		{2F1A7838-0651-4509-9F96-33F3C4F8609B}.Release|Any CPU.ActiveCfg = Release|Any CPU
		{2F1A7838-0651-4509-9F96-33F3C4F8609B}.Release|Any CPU.Build.0 = Release|Any CPU
		{10AF4EB5-B867-4F57-93BE-725C74F35CDB}.Debug|Any CPU.ActiveCfg = Debug|Any CPU
		{10AF4EB5-B867-4F57-93BE-725C74F35CDB}.Debug|Any CPU.Build.0 = Debug|Any CPU
		{10AF4EB5-B867-4F57-93BE-725C74F35CDB}.Release|Any CPU.ActiveCfg = Release|Any CPU
		{10AF4EB5-B867-4F57-93BE-725C74F35CDB}.Release|Any CPU.Build.0 = Release|Any CPU
	EndGlobalSection
	GlobalSection(SolutionProperties) = preSolution
		HideSolutionNode = FALSE
	EndGlobalSection
	GlobalSection(NestedProjects) = preSolution
		{5DBB69C6-16A3-4D0F-A2E6-D3D73C2C1C8F} = {E7FE8821-8975-4271-A67E-309B9F7D7B85}
		{2613E11C-9FDD-4032-AF04-0A1C29C4F061} = {05136FEF-5F4A-4E48-9316-546CCB1BD341}
		{4A1122D6-78E0-407B-B595-85E461AD06EA} = {2613E11C-9FDD-4032-AF04-0A1C29C4F061}
		{41E1C679-9253-41B9-A99B-7918D40F8ED1} = {2613E11C-9FDD-4032-AF04-0A1C29C4F061}
		{11AA6F81-AB1E-4779-A2E2-50DA486E51DC} = {2613E11C-9FDD-4032-AF04-0A1C29C4F061}
		{A6F8D7C8-7D81-45E5-98AC-907FBC20A299} = {2613E11C-9FDD-4032-AF04-0A1C29C4F061}
		{1D00387C-452E-41F3-92FB-784970CC18E5} = {A91BFB43-16E2-4031-9A34-25FBAA4FA59E}
		{0D359EE4-C429-4F58-9B67-E68628A8261E} = {A91BFB43-16E2-4031-9A34-25FBAA4FA59E}
		{60C52FF5-F763-41EA-BE6F-D5C30089E40C} = {A91BFB43-16E2-4031-9A34-25FBAA4FA59E}
		{F58437CE-DE71-447D-9BD4-04931B0BD19A} = {05136FEF-5F4A-4E48-9316-546CCB1BD341}
		{80471BD2-8B5E-4ED2-B5D8-FC32B2D4BD2B} = {F58437CE-DE71-447D-9BD4-04931B0BD19A}
		{86EFC22C-DACA-4CCD-AA00-1D5D35305C92} = {F58437CE-DE71-447D-9BD4-04931B0BD19A}
		{8FDA973D-A9D0-4C43-BC48-B46F70BC1001} = {F58437CE-DE71-447D-9BD4-04931B0BD19A}
		{43493BD3-2CAF-4F63-BDB4-6B6136A47DE4} = {05136FEF-5F4A-4E48-9316-546CCB1BD341}
		{3A900E30-333D-4539-9673-C7A8B8E4A9BA} = {05136FEF-5F4A-4E48-9316-546CCB1BD341}
		{C47B46CA-EEDE-489F-8B6D-54AA8A17B470} = {3A900E30-333D-4539-9673-C7A8B8E4A9BA}
		{643C4237-9C90-439D-9517-63C5A95CF4EF} = {3A900E30-333D-4539-9673-C7A8B8E4A9BA}
		{935111A9-BF54-44ED-B7F6-34C33BB96DD6} = {3A900E30-333D-4539-9673-C7A8B8E4A9BA}
		{2575E522-548A-43A6-B8CB-F47B62A8C1AC} = {43493BD3-2CAF-4F63-BDB4-6B6136A47DE4}
		{15E40460-5EBB-4738-8F2C-164B085667D7} = {43493BD3-2CAF-4F63-BDB4-6B6136A47DE4}
		{57069FF6-869F-411F-99FA-3B2B9AD7F3F7} = {43493BD3-2CAF-4F63-BDB4-6B6136A47DE4}
		{2F1A7838-0651-4509-9F96-33F3C4F8609B} = {43493BD3-2CAF-4F63-BDB4-6B6136A47DE4}
		{10AF4EB5-B867-4F57-93BE-725C74F35CDB} = {3A900E30-333D-4539-9673-C7A8B8E4A9BA}
	EndGlobalSection
	GlobalSection(ExtensibilityGlobals) = postSolution
		SolutionGuid = {C3D10503-FF23-4AA6-8136-F26775E02733}
	EndGlobalSection
EndGlobal
